PODS:
  - Bolts (1.1.3)
  - Facebook-iOS-SDK (3.22.0):
    - Bolts (~> 1.0)
  - Parse (1.6.1):
    - Bolts (~> 1.1.3)
  - ParseFacebookUtils (1.6.1):
    - Facebook-iOS-SDK (~> 3.20)
    - Parse (~> 1.6.1)
  - ParseUI (1.0.3):
    - Parse (~> 1.6)
    - ParseFacebookUtils (~> 1.6)
  - TwilioSDK (1.2.1)

DEPENDENCIES:
  - Parse
  - ParseUI
  - TwilioSDK (~> 1.2)

SPEC CHECKSUMS:
  Bolts: 3db0a875235e0c9042b013af13af0f00f79b102c
  Facebook-iOS-SDK: 0eda8ff7120aada0a9c5f98552f7625da6c3440a
  Parse: b0ec7666167e212edb6fc94f60ba170248bd1869
  ParseFacebookUtils: 7659dcda0fa59f67234ab7ba5a82a9b05073c59a
  ParseUI: 8201eccd0e68eaa000b58253c4286e92de0ce5c5
  TwilioSDK: 4bad43eaa580cf19dd72a9b9010274f0124bd885

COCOAPODS: 0.35.0
